{
  "version": 4,
  "terraform_version": "0.14.2",
  "serial": 1,
  "lineage": "c88e7653-9c70-4c3c-3b89-0673edf4f9d4",
  "outputs": {
    "resource_group_name": {
      "value": "qarg",
      "type": "string"
    }
  },
  "resources": [
    {
      "mode": "managed",
      "type": "azurerm_resource_group",
      "name": "rg",
      "provider": "provider[\"registry.terraform.io/hashicorp/azurerm\"]",
      "instances": [
        {
          "schema_version": 0,
          "attributes": {
            "id": "/subscriptions/385cbfe4-ef98-4c30-b9e0-86286a87ca4b/resourceGroups/qarg",
            "location": "eastus2",
            "name": "qarg",
            "tags": null,
            "timeouts": null
          },
          "sensitive_attributes": [],
          "private": "eyJlMmJmYjczMC1lY2FhLTExZTYtOGY4OC0zNDM2M2JjN2M0YzAiOnsiY3JlYXRlIjo1NDAwMDAwMDAwMDAwLCJkZWxldGUiOjU0MDAwMDAwMDAwMDAsInJlYWQiOjMwMDAwMDAwMDAwMCwidXBkYXRlIjo1NDAwMDAwMDAwMDAwfX0="
        }
      ]
    }
  ]
}
